
Microsoft Visual Studio Solution File, Format Version 12.00
# Visual Studio Version 16
VisualStudioVersion = 16.0.30621.155
MinimumVisualStudioVersion = 10.0.40219.1
Project("{FAE04EC0-301F-11D3-BF4B-00C04F79EFBC}") = "JustLayout", "JustLayout\JustLayout.csproj", "{BA1A8CAA-5B75-4490-B581-F29FC462430D}"
EndProject
Global
	GlobalSection(SolutionConfigurationPlatforms) = preSolution
		Debug|Any CPU = Debug|Any CPU
		Release|Any CPU = Release|Any CPU
	EndGlobalSection
	GlobalSection(ProjectConfigurationPlatforms) = postSolution
		{BA1A8CAA-5B75-4490-B581-F29FC462430D}.Debug|Any CPU.ActiveCfg = Debug|Any CPU
		{BA1A8CAA-5B75-4490-B581-F29FC462430D}.Debug|Any CPU.Build.0 = Debug|Any CPU
		{BA1A8CAA-5B75-4490-B581-F29FC462430D}.Release|Any CPU.ActiveCfg = Release|Any CPU
		{BA1A8CAA-5B75-4490-B581-F29FC462430D}.Release|Any CPU.Build.0 = Release|Any CPU
	EndGlobalSection
	GlobalSection(SolutionProperties) = preSolution
		HideSolutionNode = FALSE
	EndGlobalSection
	GlobalSection(ExtensibilityGlobals) = postSolution
		SolutionGuid = {B615A80E-734A-4020-A6D2-C661A2749795}
	EndGlobalSection
EndGlobal
